
Microsoft Visual Studio Solution File, Format Version 12.00
# Visual Studio Version 16
VisualStudioVersion = 16.0.30309.148
MinimumVisualStudioVersion = 10.0.40219.1
Project("{FAE04EC0-301F-11D3-BF4B-00C04F79EFBC}") = "WhiteBoard", "WhiteBoard\WhiteBoard.csproj", "{A63E11A0-9A0C-4D18-A059-01B37DA4690D}"
EndProject
Global
	GlobalSection(SolutionConfigurationPlatforms) = preSolution
		Debug|Any CPU = Debug|Any CPU
		Release|Any CPU = Release|Any CPU
	EndGlobalSection
	GlobalSection(ProjectConfigurationPlatforms) = postSolution
		{A63E11A0-9A0C-4D18-A059-01B37DA4690D}.Debug|Any CPU.ActiveCfg = Debug|Any CPU
		{A63E11A0-9A0C-4D18-A059-01B37DA4690D}.Debug|Any CPU.Build.0 = Debug|Any CPU
		{A63E11A0-9A0C-4D18-A059-01B37DA4690D}.Release|Any CPU.ActiveCfg = Release|Any CPU
		{A63E11A0-9A0C-4D18-A059-01B37DA4690D}.Release|Any CPU.Build.0 = Release|Any CPU
	EndGlobalSection
	GlobalSection(SolutionProperties) = preSolution
		HideSolutionNode = FALSE
	EndGlobalSection
	GlobalSection(ExtensibilityGlobals) = postSolution
		SolutionGuid = {6B1A142F-DAAC-4CD8-B6FF-CA976786A442}
	EndGlobalSection
EndGlobal
